// !$*UTF8*$!
{
	archiveVersion = 1;
	classes = {
	};
	objectVersion = 50;
	objects = {

/* Begin PBXBuildFile section */
		7F2183B321A2135B00F5B750 /* AppDelegate.swift in Sources */ = {isa = PBXBuildFile; fileRef = 7F2183B221A2135B00F5B750 /* AppDelegate.swift */; };
		7F2183B821A2135B00F5B750 /* Main.storyboard in Resources */ = {isa = PBXBuildFile; fileRef = 7F2183B621A2135B00F5B750 /* Main.storyboard */; };
		7F2183BA21A2135C00F5B750 /* Assets.xcassets in Resources */ = {isa = PBXBuildFile; fileRef = 7F2183B921A2135C00F5B750 /* Assets.xcassets */; };
		7F2183BD21A2135C00F5B750 /* LaunchScreen.storyboard in Resources */ = {isa = PBXBuildFile; fileRef = 7F2183BB21A2135C00F5B750 /* LaunchScreen.storyboard */; };
		7F2183D021A22DAC00F5B750 /* UEFAStandingsTableViewController.swift in Sources */ = {isa = PBXBuildFile; fileRef = 7F2183CF21A22DAC00F5B750 /* UEFAStandingsTableViewController.swift */; };
		7F2183D321A22F7500F5B750 /* UEFAStandingCell.swift in Sources */ = {isa = PBXBuildFile; fileRef = 7F2183D121A22F7500F5B750 /* UEFAStandingCell.swift */; };
		7F2183D421A22F7500F5B750 /* UEFAStandingCell.xib in Resources */ = {isa = PBXBuildFile; fileRef = 7F2183D221A22F7500F5B750 /* UEFAStandingCell.xib */; };
		7F2183DD21A2603800F5B750 /* UEFAStandingsDetailViewController.swift in Sources */ = {isa = PBXBuildFile; fileRef = 7F2183DB21A2603800F5B750 /* UEFAStandingsDetailViewController.swift */; };
		7F2183DE21A2603800F5B750 /* UEFAStandingsDetailViewController.xib in Resources */ = {isa = PBXBuildFile; fileRef = 7F2183DC21A2603800F5B750 /* UEFAStandingsDetailViewController.xib */; };
		7F2183E121A2606200F5B750 /* UEFATeamDetailViewController.swift in Sources */ = {isa = PBXBuildFile; fileRef = 7F2183DF21A2606200F5B750 /* UEFATeamDetailViewController.swift */; };
		7F2183E221A2606200F5B750 /* UEFATeamDetailViewController.xib in Resources */ = {isa = PBXBuildFile; fileRef = 7F2183E021A2606200F5B750 /* UEFATeamDetailViewController.xib */; };
		7F2183E621A260AC00F5B750 /* UEFAStandingsDetailLargeCell.swift in Sources */ = {isa = PBXBuildFile; fileRef = 7F2183E421A260AC00F5B750 /* UEFAStandingsDetailLargeCell.swift */; };
		7F2183E721A260AC00F5B750 /* UEFAStandingsDetailLargeCell.xib in Resources */ = {isa = PBXBuildFile; fileRef = 7F2183E521A260AC00F5B750 /* UEFAStandingsDetailLargeCell.xib */; };
		7F2183EE21A4D48C00F5B750 /* UEFAProtocols.swift in Sources */ = {isa = PBXBuildFile; fileRef = 7F2183ED21A4D48C00F5B750 /* UEFAProtocols.swift */; };
		7F2183F921A4D72100F5B750 /* UEFAProjectTests.swift in Sources */ = {isa = PBXBuildFile; fileRef = 7F2183F821A4D72100F5B750 /* UEFAProjectTests.swift */; };
		7F21840121A4D78D00F5B750 /* UEFAProtocolsTests.swift in Sources */ = {isa = PBXBuildFile; fileRef = 7F21840021A4D78D00F5B750 /* UEFAProtocolsTests.swift */; };
		7F21840321A4DA3700F5B750 /* UEFAProtocols.swift in Sources */ = {isa = PBXBuildFile; fileRef = 7F2183ED21A4D48C00F5B750 /* UEFAProtocols.swift */; };
		7FD4A08821A5EC54002F963B /* Services.plist in Resources */ = {isa = PBXBuildFile; fileRef = 7FD4A08721A5EC54002F963B /* Services.plist */; };
		7FD4A08B21A5EEF9002F963B /* UEFAServicesProtocol.swift in Sources */ = {isa = PBXBuildFile; fileRef = 7FD4A08A21A5EEF9002F963B /* UEFAServicesProtocol.swift */; };
		7FD4A08C21A5EEF9002F963B /* UEFAServicesProtocol.swift in Sources */ = {isa = PBXBuildFile; fileRef = 7FD4A08A21A5EEF9002F963B /* UEFAServicesProtocol.swift */; };
		7FD4A08E21A5F0E3002F963B /* UEFAServicesImplementation.swift in Sources */ = {isa = PBXBuildFile; fileRef = 7FD4A08D21A5F0E3002F963B /* UEFAServicesImplementation.swift */; };
		7FD4A08F21A5F0E3002F963B /* UEFAServicesImplementation.swift in Sources */ = {isa = PBXBuildFile; fileRef = 7FD4A08D21A5F0E3002F963B /* UEFAServicesImplementation.swift */; };
		7FD4A09321A60B3C002F963B /* AlamofireImage.framework in Frameworks */ = {isa = PBXBuildFile; fileRef = 7FD4A09121A60B3C002F963B /* AlamofireImage.framework */; };
		7FD4A09421A60B3C002F963B /* Alamofire.framework in Frameworks */ = {isa = PBXBuildFile; fileRef = 7FD4A09221A60B3C002F963B /* Alamofire.framework */; };
		7FE47BE221B37EED00BBC4E2 /* Alamofire.framework in Frameworks */ = {isa = PBXBuildFile; fileRef = 7FD4A09221A60B3C002F963B /* Alamofire.framework */; };
		7FE47BE321B37EF100BBC4E2 /* AlamofireImage.framework in Frameworks */ = {isa = PBXBuildFile; fileRef = 7FD4A09121A60B3C002F963B /* AlamofireImage.framework */; };
/* End PBXBuildFile section */

/* Begin PBXContainerItemProxy section */
		7F2183FB21A4D72100F5B750 /* PBXContainerItemProxy */ = {
			isa = PBXContainerItemProxy;
			containerPortal = 7F2183A721A2135B00F5B750 /* Project object */;
			proxyType = 1;
			remoteGlobalIDString = 7F2183AE21A2135B00F5B750;
			remoteInfo = UEFAProject;
		};
/* End PBXContainerItemProxy section */

/* Begin PBXFileReference section */
		7F2183AF21A2135B00F5B750 /* UEFAProject.app */ = {isa = PBXFileReference; explicitFileType = wrapper.application; includeInIndex = 0; path = UEFAProject.app; sourceTree = BUILT_PRODUCTS_DIR; };
		7F2183B221A2135B00F5B750 /* AppDelegate.swift */ = {isa = PBXFileReference; lastKnownFileType = sourcecode.swift; path = AppDelegate.swift; sourceTree = "<group>"; };
		7F2183B721A2135B00F5B750 /* Base */ = {isa = PBXFileReference; lastKnownFileType = file.storyboard; name = Base; path = Base.lproj/Main.storyboard; sourceTree = "<group>"; };
		7F2183B921A2135C00F5B750 /* Assets.xcassets */ = {isa = PBXFileReference; lastKnownFileType = folder.assetcatalog; path = Assets.xcassets; sourceTree = "<group>"; };
		7F2183BC21A2135C00F5B750 /* Base */ = {isa = PBXFileReference; lastKnownFileType = file.storyboard; name = Base; path = Base.lproj/LaunchScreen.storyboard; sourceTree = "<group>"; };
		7F2183BE21A2135C00F5B750 /* Info.plist */ = {isa = PBXFileReference; lastKnownFileType = text.plist.xml; path = Info.plist; sourceTree = "<group>"; };
		7F2183CF21A22DAC00F5B750 /* UEFAStandingsTableViewController.swift */ = {isa = PBXFileReference; lastKnownFileType = sourcecode.swift; path = UEFAStandingsTableViewController.swift; sourceTree = "<group>"; };
		7F2183D121A22F7500F5B750 /* UEFAStandingCell.swift */ = {isa = PBXFileReference; lastKnownFileType = sourcecode.swift; path = UEFAStandingCell.swift; sourceTree = "<group>"; };
		7F2183D221A22F7500F5B750 /* UEFAStandingCell.xib */ = {isa = PBXFileReference; lastKnownFileType = file.xib; path = UEFAStandingCell.xib; sourceTree = "<group>"; };
		7F2183DB21A2603800F5B750 /* UEFAStandingsDetailViewController.swift */ = {isa = PBXFileReference; lastKnownFileType = sourcecode.swift; path = UEFAStandingsDetailViewController.swift; sourceTree = "<group>"; };
		7F2183DC21A2603800F5B750 /* UEFAStandingsDetailViewController.xib */ = {isa = PBXFileReference; lastKnownFileType = file.xib; path = UEFAStandingsDetailViewController.xib; sourceTree = "<group>"; };
		7F2183DF21A2606200F5B750 /* UEFATeamDetailViewController.swift */ = {isa = PBXFileReference; lastKnownFileType = sourcecode.swift; path = UEFATeamDetailViewController.swift; sourceTree = "<group>"; };
		7F2183E021A2606200F5B750 /* UEFATeamDetailViewController.xib */ = {isa = PBXFileReference; lastKnownFileType = file.xib; path = UEFATeamDetailViewController.xib; sourceTree = "<group>"; };
		7F2183E421A260AC00F5B750 /* UEFAStandingsDetailLargeCell.swift */ = {isa = PBXFileReference; lastKnownFileType = sourcecode.swift; path = UEFAStandingsDetailLargeCell.swift; sourceTree = "<group>"; };
		7F2183E521A260AC00F5B750 /* UEFAStandingsDetailLargeCell.xib */ = {isa = PBXFileReference; lastKnownFileType = file.xib; path = UEFAStandingsDetailLargeCell.xib; sourceTree = "<group>"; };
		7F2183ED21A4D48C00F5B750 /* UEFAProtocols.swift */ = {isa = PBXFileReference; lastKnownFileType = sourcecode.swift; path = UEFAProtocols.swift; sourceTree = "<group>"; };
		7F2183F621A4D72000F5B750 /* UEFAProjectTests.xctest */ = {isa = PBXFileReference; explicitFileType = wrapper.cfbundle; includeInIndex = 0; path = UEFAProjectTests.xctest; sourceTree = BUILT_PRODUCTS_DIR; };
		7F2183F821A4D72100F5B750 /* UEFAProjectTests.swift */ = {isa = PBXFileReference; lastKnownFileType = sourcecode.swift; path = UEFAProjectTests.swift; sourceTree = "<group>"; };
		7F2183FA21A4D72100F5B750 /* Info.plist */ = {isa = PBXFileReference; lastKnownFileType = text.plist.xml; path = Info.plist; sourceTree = "<group>"; };
		7F21840021A4D78D00F5B750 /* UEFAProtocolsTests.swift */ = {isa = PBXFileReference; lastKnownFileType = sourcecode.swift; path = UEFAProtocolsTests.swift; sourceTree = "<group>"; };
		7FD4A08721A5EC54002F963B /* Services.plist */ = {isa = PBXFileReference; lastKnownFileType = text.plist.xml; path = Services.plist; sourceTree = "<group>"; };
		7FD4A08A21A5EEF9002F963B /* UEFAServicesProtocol.swift */ = {isa = PBXFileReference; lastKnownFileType = sourcecode.swift; path = UEFAServicesProtocol.swift; sourceTree = "<group>"; };
		7FD4A08D21A5F0E3002F963B /* UEFAServicesImplementation.swift */ = {isa = PBXFileReference; lastKnownFileType = sourcecode.swift; path = UEFAServicesImplementation.swift; sourceTree = "<group>"; };
		7FD4A09121A60B3C002F963B /* AlamofireImage.framework */ = {isa = PBXFileReference; lastKnownFileType = wrapper.framework; name = AlamofireImage.framework; path = Carthage/Build/iOS/AlamofireImage.framework; sourceTree = "<group>"; };
		7FD4A09221A60B3C002F963B /* Alamofire.framework */ = {isa = PBXFileReference; lastKnownFileType = wrapper.framework; name = Alamofire.framework; path = Carthage/Build/iOS/Alamofire.framework; sourceTree = "<group>"; };
/* End PBXFileReference section */

/* Begin PBXFrameworksBuildPhase section */
		7F2183AC21A2135B00F5B750 /* Frameworks */ = {
			isa = PBXFrameworksBuildPhase;
			buildActionMask = 2147483647;
			files = (
				7FD4A09321A60B3C002F963B /* AlamofireImage.framework in Frameworks */,
				7FD4A09421A60B3C002F963B /* Alamofire.framework in Frameworks */,
			);
			runOnlyForDeploymentPostprocessing = 0;
		};
		7F2183F321A4D72000F5B750 /* Frameworks */ = {
			isa = PBXFrameworksBuildPhase;
			buildActionMask = 2147483647;
			files = (
				7FE47BE221B37EED00BBC4E2 /* Alamofire.framework in Frameworks */,
				7FE47BE321B37EF100BBC4E2 /* AlamofireImage.framework in Frameworks */,
			);
			runOnlyForDeploymentPostprocessing = 0;
		};
/* End PBXFrameworksBuildPhase section */

/* Begin PBXGroup section */
		7F2183A621A2135B00F5B750 = {
			isa = PBXGroup;
			children = (
				7F2183B121A2135B00F5B750 /* UEFAProject */,
				7F2183F721A4D72100F5B750 /* UEFAProjectTests */,
				7F2183B021A2135B00F5B750 /* Products */,
				7FD4A09021A60B3C002F963B /* Frameworks */,
			);
			sourceTree = "<group>";
		};
		7F2183B021A2135B00F5B750 /* Products */ = {
			isa = PBXGroup;
			children = (
				7F2183AF21A2135B00F5B750 /* UEFAProject.app */,
				7F2183F621A4D72000F5B750 /* UEFAProjectTests.xctest */,
			);
			name = Products;
			sourceTree = "<group>";
		};
		7F2183B121A2135B00F5B750 /* UEFAProject */ = {
			isa = PBXGroup;
			children = (
				7FD4A08421A5EC04002F963B /* Resources */,
				7FD4A08921A5EEB4002F963B /* Sources */,
				7F2183EA21A4C04D00F5B750 /* DataModels */,
				7F2183DA21A25FBF00F5B750 /* TeamDetail */,
				7F2183D521A25E6000F5B750 /* StandingsDetail */,
				7F2183CE21A22D6800F5B750 /* StandingsTableView */,
				7F2183C621A22BEE00F5B750 /* StandingCell */,
				7F2183B221A2135B00F5B750 /* AppDelegate.swift */,
				7F2183B621A2135B00F5B750 /* Main.storyboard */,
				7F2183B921A2135C00F5B750 /* Assets.xcassets */,
				7F2183BB21A2135C00F5B750 /* LaunchScreen.storyboard */,
				7F2183BE21A2135C00F5B750 /* Info.plist */,
			);
			path = UEFAProject;
			sourceTree = "<group>";
		};
		7F2183C621A22BEE00F5B750 /* StandingCell */ = {
			isa = PBXGroup;
			children = (
				7F2183D121A22F7500F5B750 /* UEFAStandingCell.swift */,
				7F2183D221A22F7500F5B750 /* UEFAStandingCell.xib */,
			);
			path = StandingCell;
			sourceTree = "<group>";
		};
		7F2183CE21A22D6800F5B750 /* StandingsTableView */ = {
			isa = PBXGroup;
			children = (
				7F2183CF21A22DAC00F5B750 /* UEFAStandingsTableViewController.swift */,
			);
			path = StandingsTableView;
			sourceTree = "<group>";
		};
		7F2183D521A25E6000F5B750 /* StandingsDetail */ = {
			isa = PBXGroup;
			children = (
				7F2183E321A2607600F5B750 /* StandingsDetailCells */,
				7F2183DB21A2603800F5B750 /* UEFAStandingsDetailViewController.swift */,
				7F2183DC21A2603800F5B750 /* UEFAStandingsDetailViewController.xib */,
			);
			path = StandingsDetail;
			sourceTree = "<group>";
		};
		7F2183DA21A25FBF00F5B750 /* TeamDetail */ = {
			isa = PBXGroup;
			children = (
				7F2183DF21A2606200F5B750 /* UEFATeamDetailViewController.swift */,
				7F2183E021A2606200F5B750 /* UEFATeamDetailViewController.xib */,
			);
			path = TeamDetail;
			sourceTree = "<group>";
		};
		7F2183E321A2607600F5B750 /* StandingsDetailCells */ = {
			isa = PBXGroup;
			children = (
				7F2183E421A260AC00F5B750 /* UEFAStandingsDetailLargeCell.swift */,
				7F2183E521A260AC00F5B750 /* UEFAStandingsDetailLargeCell.xib */,
			);
			path = StandingsDetailCells;
			sourceTree = "<group>";
		};
		7F2183EA21A4C04D00F5B750 /* DataModels */ = {
			isa = PBXGroup;
			children = (
				7F2183ED21A4D48C00F5B750 /* UEFAProtocols.swift */,
			);
			path = DataModels;
			sourceTree = "<group>";
		};
		7F2183F721A4D72100F5B750 /* UEFAProjectTests */ = {
			isa = PBXGroup;
			children = (
				7F2183F821A4D72100F5B750 /* UEFAProjectTests.swift */,
				7F2183FA21A4D72100F5B750 /* Info.plist */,
				7F21840021A4D78D00F5B750 /* UEFAProtocolsTests.swift */,
			);
			path = UEFAProjectTests;
			sourceTree = "<group>";
		};
		7FD4A08421A5EC04002F963B /* Resources */ = {
			isa = PBXGroup;
			children = (
				7FD4A08521A5EC14002F963B /* Configurations */,
			);
			path = Resources;
			sourceTree = "<group>";
		};
		7FD4A08521A5EC14002F963B /* Configurations */ = {
			isa = PBXGroup;
			children = (
				7FD4A08721A5EC54002F963B /* Services.plist */,
			);
			path = Configurations;
			sourceTree = "<group>";
		};
		7FD4A08921A5EEB4002F963B /* Sources */ = {
			isa = PBXGroup;
			children = (
				7FD4A08A21A5EEF9002F963B /* UEFAServicesProtocol.swift */,
				7FD4A08D21A5F0E3002F963B /* UEFAServicesImplementation.swift */,
			);
			path = Sources;
			sourceTree = "<group>";
		};
		7FD4A09021A60B3C002F963B /* Frameworks */ = {
			isa = PBXGroup;
			children = (
				7FD4A09221A60B3C002F963B /* Alamofire.framework */,
				7FD4A09121A60B3C002F963B /* AlamofireImage.framework */,
			);
			name = Frameworks;
			sourceTree = "<group>";
		};
/* End PBXGroup section */

/* Begin PBXNativeTarget section */
		7F2183AE21A2135B00F5B750 /* UEFAProject */ = {
			isa = PBXNativeTarget;
			buildConfigurationList = 7F2183C121A2135C00F5B750 /* Build configuration list for PBXNativeTarget "UEFAProject" */;
			buildPhases = (
				7F2183AB21A2135B00F5B750 /* Sources */,
				7F2183AC21A2135B00F5B750 /* Frameworks */,
				7F2183AD21A2135B00F5B750 /* Resources */,
				7FD4A09521A60B84002F963B /* Run Script - Carthage Copy Frameworks */,
			);
			buildRules = (
			);
			dependencies = (
			);
			name = UEFAProject;
			productName = UEFAProject;
			productReference = 7F2183AF21A2135B00F5B750 /* UEFAProject.app */;
			productType = "com.apple.product-type.application";
		};
		7F2183F521A4D72000F5B750 /* UEFAProjectTests */ = {
			isa = PBXNativeTarget;
			buildConfigurationList = 7F2183FD21A4D72100F5B750 /* Build configuration list for PBXNativeTarget "UEFAProjectTests" */;
			buildPhases = (
				7F2183F221A4D72000F5B750 /* Sources */,
				7F2183F321A4D72000F5B750 /* Frameworks */,
				7F2183F421A4D72000F5B750 /* Resources */,
			);
			buildRules = (
			);
			dependencies = (
				7F2183FC21A4D72100F5B750 /* PBXTargetDependency */,
			);
			name = UEFAProjectTests;
			productName = UEFAProjectTests;
			productReference = 7F2183F621A4D72000F5B750 /* UEFAProjectTests.xctest */;
			productType = "com.apple.product-type.bundle.unit-test";
		};
/* End PBXNativeTarget section */

/* Begin PBXProject section */
		7F2183A721A2135B00F5B750 /* Project object */ = {
			isa = PBXProject;
			attributes = {
				LastSwiftUpdateCheck = 1000;
				LastUpgradeCheck = 1000;
				ORGANIZATIONNAME = "Marcos Garcia";
				TargetAttributes = {
					7F2183AE21A2135B00F5B750 = {
						CreatedOnToolsVersion = 10.0;
					};
					7F2183F521A4D72000F5B750 = {
						CreatedOnToolsVersion = 10.0;
						TestTargetID = 7F2183AE21A2135B00F5B750;
					};
				};
			};
			buildConfigurationList = 7F2183AA21A2135B00F5B750 /* Build configuration list for PBXProject "UEFAProject" */;
			compatibilityVersion = "Xcode 9.3";
			developmentRegion = en;
			hasScannedForEncodings = 0;
			knownRegions = (
				en,
				Base,
			);
			mainGroup = 7F2183A621A2135B00F5B750;
			productRefGroup = 7F2183B021A2135B00F5B750 /* Products */;
			projectDirPath = "";
			projectRoot = "";
			targets = (
				7F2183AE21A2135B00F5B750 /* UEFAProject */,
				7F2183F521A4D72000F5B750 /* UEFAProjectTests */,
			);
		};
/* End PBXProject section */

/* Begin PBXResourcesBuildPhase section */
		7F2183AD21A2135B00F5B750 /* Resources */ = {
			isa = PBXResourcesBuildPhase;
			buildActionMask = 2147483647;
			files = (
				7F2183DE21A2603800F5B750 /* UEFAStandingsDetailViewController.xib in Resources */,
				7F2183BD21A2135C00F5B750 /* LaunchScreen.storyboard in Resources */,
				7F2183E221A2606200F5B750 /* UEFATeamDetailViewController.xib in Resources */,
				7F2183E721A260AC00F5B750 /* UEFAStandingsDetailLargeCell.xib in Resources */,
				7FD4A08821A5EC54002F963B /* Services.plist in Resources */,
				7F2183BA21A2135C00F5B750 /* Assets.xcassets in Resources */,
				7F2183D421A22F7500F5B750 /* UEFAStandingCell.xib in Resources */,
				7F2183B821A2135B00F5B750 /* Main.storyboard in Resources */,
			);
			runOnlyForDeploymentPostprocessing = 0;
		};
		7F2183F421A4D72000F5B750 /* Resources */ = {
			isa = PBXResourcesBuildPhase;
			buildActionMask = 2147483647;
			files = (
			);
			runOnlyForDeploymentPostprocessing = 0;
		};
/* End PBXResourcesBuildPhase section */

/* Begin PBXShellScriptBuildPhase section */
		7FD4A09521A60B84002F963B /* Run Script - Carthage Copy Frameworks */ = {
			isa = PBXShellScriptBuildPhase;
			buildActionMask = 2147483647;
			files = (
			);
			inputFileListPaths = (
			);
			inputPaths = (
				"$(SRCROOT)/Carthage/Build/iOS/Alamofire.framework",
				"$(SRCROOT)/Carthage/Build/iOS/AlamofireImage.framework",
			);
			name = "Run Script - Carthage Copy Frameworks";
			outputFileListPaths = (
			);
			outputPaths = (
			);
			runOnlyForDeploymentPostprocessing = 0;
			shellPath = /bin/sh;
			shellScript = "/usr/local/bin/carthage copy-frameworks\n";
		};
/* End PBXShellScriptBuildPhase section */

/* Begin PBXSourcesBuildPhase section */
		7F2183AB21A2135B00F5B750 /* Sources */ = {
			isa = PBXSourcesBuildPhase;
			buildActionMask = 2147483647;
			files = (
				7F2183DD21A2603800F5B750 /* UEFAStandingsDetailViewController.swift in Sources */,
				7FD4A08E21A5F0E3002F963B /* UEFAServicesImplementation.swift in Sources */,
				7F2183D021A22DAC00F5B750 /* UEFAStandingsTableViewController.swift in Sources */,
				7F2183D321A22F7500F5B750 /* UEFAStandingCell.swift in Sources */,
				7F2183B321A2135B00F5B750 /* AppDelegate.swift in Sources */,
				7FD4A08B21A5EEF9002F963B /* UEFAServicesProtocol.swift in Sources */,
				7F2183EE21A4D48C00F5B750 /* UEFAProtocols.swift in Sources */,
				7F2183E121A2606200F5B750 /* UEFATeamDetailViewController.swift in Sources */,
				7F2183E621A260AC00F5B750 /* UEFAStandingsDetailLargeCell.swift in Sources */,
			);
			runOnlyForDeploymentPostprocessing = 0;
		};
		7F2183F221A4D72000F5B750 /* Sources */ = {
			isa = PBXSourcesBuildPhase;
			buildActionMask = 2147483647;
			files = (
				7FD4A08C21A5EEF9002F963B /* UEFAServicesProtocol.swift in Sources */,
				7F21840321A4DA3700F5B750 /* UEFAProtocols.swift in Sources */,
				7FD4A08F21A5F0E3002F963B /* UEFAServicesImplementation.swift in Sources */,
				7F21840121A4D78D00F5B750 /* UEFAProtocolsTests.swift in Sources */,
				7F2183F921A4D72100F5B750 /* UEFAProjectTests.swift in Sources */,
			);
			runOnlyForDeploymentPostprocessing = 0;
		};
/* End PBXSourcesBuildPhase section */

/* Begin PBXTargetDependency section */
		7F2183FC21A4D72100F5B750 /* PBXTargetDependency */ = {
			isa = PBXTargetDependency;
			target = 7F2183AE21A2135B00F5B750 /* UEFAProject */;
			targetProxy = 7F2183FB21A4D72100F5B750 /* PBXContainerItemProxy */;
		};
/* End PBXTargetDependency section */

/* Begin PBXVariantGroup section */
		7F2183B621A2135B00F5B750 /* Main.storyboard */ = {
			isa = PBXVariantGroup;
			children = (
				7F2183B721A2135B00F5B750 /* Base */,
			);
			name = Main.storyboard;
			sourceTree = "<group>";
		};
		7F2183BB21A2135C00F5B750 /* LaunchScreen.storyboard */ = {
			isa = PBXVariantGroup;
			children = (
				7F2183BC21A2135C00F5B750 /* Base */,
			);
			name = LaunchScreen.storyboard;
			sourceTree = "<group>";
		};
/* End PBXVariantGroup section */

/* Begin XCBuildConfiguration section */
		7F2183BF21A2135C00F5B750 /* Debug */ = {
			isa = XCBuildConfiguration;
			buildSettings = {
				ALWAYS_SEARCH_USER_PATHS = NO;
				CLANG_ANALYZER_NONNULL = YES;
				CLANG_ANALYZER_NUMBER_OBJECT_CONVERSION = YES_AGGRESSIVE;
				CLANG_CXX_LANGUAGE_STANDARD = "gnu++14";
				CLANG_CXX_LIBRARY = "libc++";
				CLANG_ENABLE_MODULES = YES;
				CLANG_ENABLE_OBJC_ARC = YES;
				CLANG_ENABLE_OBJC_WEAK = YES;
				CLANG_WARN_BLOCK_CAPTURE_AUTORELEASING = YES;
				CLANG_WARN_BOOL_CONVERSION = YES;
				CLANG_WARN_COMMA = YES;
				CLANG_WARN_CONSTANT_CONVERSION = YES;
				CLANG_WARN_DEPRECATED_OBJC_IMPLEMENTATIONS = YES;
				CLANG_WARN_DIRECT_OBJC_ISA_USAGE = YES_ERROR;
				CLANG_WARN_DOCUMENTATION_COMMENTS = YES;
				CLANG_WARN_EMPTY_BODY = YES;
				CLANG_WARN_ENUM_CONVERSION = YES;
				CLANG_WARN_INFINITE_RECURSION = YES;
				CLANG_WARN_INT_CONVERSION = YES;
				CLANG_WARN_NON_LITERAL_NULL_CONVERSION = YES;
				CLANG_WARN_OBJC_IMPLICIT_RETAIN_SELF = YES;
				CLANG_WARN_OBJC_LITERAL_CONVERSION = YES;
				CLANG_WARN_OBJC_ROOT_CLASS = YES_ERROR;
				CLANG_WARN_RANGE_LOOP_ANALYSIS = YES;
				CLANG_WARN_STRICT_PROTOTYPES = YES;
				CLANG_WARN_SUSPICIOUS_MOVE = YES;
				CLANG_WARN_UNGUARDED_AVAILABILITY = YES_AGGRESSIVE;
				CLANG_WARN_UNREACHABLE_CODE = YES;
				CLANG_WARN__DUPLICATE_METHOD_MATCH = YES;
				CODE_SIGN_IDENTITY = "iPhone Developer";
				COPY_PHASE_STRIP = NO;
				DEBUG_INFORMATION_FORMAT = dwarf;
				ENABLE_STRICT_OBJC_MSGSEND = YES;
				ENABLE_TESTABILITY = YES;
				GCC_C_LANGUAGE_STANDARD = gnu11;
				GCC_DYNAMIC_NO_PIC = NO;
				GCC_NO_COMMON_BLOCKS = YES;
				GCC_OPTIMIZATION_LEVEL = 0;
				GCC_PREPROCESSOR_DEFINITIONS = (
					"DEBUG=1",
					"$(inherited)",
				);
				GCC_WARN_64_TO_32_BIT_CONVERSION = YES;
				GCC_WARN_ABOUT_RETURN_TYPE = YES_ERROR;
				GCC_WARN_UNDECLARED_SELECTOR = YES;
				GCC_WARN_UNINITIALIZED_AUTOS = YES_AGGRESSIVE;
				GCC_WARN_UNUSED_FUNCTION = YES;
				GCC_WARN_UNUSED_VARIABLE = YES;
				IPHONEOS_DEPLOYMENT_TARGET = 12.0;
				MTL_ENABLE_DEBUG_INFO = INCLUDE_SOURCE;
				MTL_FAST_MATH = YES;
				ONLY_ACTIVE_ARCH = YES;
				SDKROOT = iphoneos;
				SWIFT_ACTIVE_COMPILATION_CONDITIONS = DEBUG;
				SWIFT_OPTIMIZATION_LEVEL = "-Onone";
			};
			name = Debug;
		};
		7F2183C021A2135C00F5B750 /* Release */ = {
			isa = XCBuildConfiguration;
			buildSettings = {
				ALWAYS_SEARCH_USER_PATHS = NO;
				CLANG_ANALYZER_NONNULL = YES;
				CLANG_ANALYZER_NUMBER_OBJECT_CONVERSION = YES_AGGRESSIVE;
				CLANG_CXX_LANGUAGE_STANDARD = "gnu++14";
				CLANG_CXX_LIBRARY = "libc++";
				CLANG_ENABLE_MODULES = YES;
				CLANG_ENABLE_OBJC_ARC = YES;
				CLANG_ENABLE_OBJC_WEAK = YES;
				CLANG_WARN_BLOCK_CAPTURE_AUTORELEASING = YES;
				CLANG_WARN_BOOL_CONVERSION = YES;
				CLANG_WARN_COMMA = YES;
				CLANG_WARN_CONSTANT_CONVERSION = YES;
				CLANG_WARN_DEPRECATED_OBJC_IMPLEMENTATIONS = YES;
				CLANG_WARN_DIRECT_OBJC_ISA_USAGE = YES_ERROR;
				CLANG_WARN_DOCUMENTATION_COMMENTS = YES;
				CLANG_WARN_EMPTY_BODY = YES;
				CLANG_WARN_ENUM_CONVERSION = YES;
				CLANG_WARN_INFINITE_RECURSION = YES;
				CLANG_WARN_INT_CONVERSION = YES;
				CLANG_WARN_NON_LITERAL_NULL_CONVERSION = YES;
				CLANG_WARN_OBJC_IMPLICIT_RETAIN_SELF = YES;
				CLANG_WARN_OBJC_LITERAL_CONVERSION = YES;
				CLANG_WARN_OBJC_ROOT_CLASS = YES_ERROR;
				CLANG_WARN_RANGE_LOOP_ANALYSIS = YES;
				CLANG_WARN_STRICT_PROTOTYPES = YES;
				CLANG_WARN_SUSPICIOUS_MOVE = YES;
				CLANG_WARN_UNGUARDED_AVAILABILITY = YES_AGGRESSIVE;
				CLANG_WARN_UNREACHABLE_CODE = YES;
				CLANG_WARN__DUPLICATE_METHOD_MATCH = YES;
				CODE_SIGN_IDENTITY = "iPhone Developer";
				COPY_PHASE_STRIP = NO;
				DEBUG_INFORMATION_FORMAT = "dwarf-with-dsym";
				ENABLE_NS_ASSERTIONS = NO;
				ENABLE_STRICT_OBJC_MSGSEND = YES;
				GCC_C_LANGUAGE_STANDARD = gnu11;
				GCC_NO_COMMON_BLOCKS = YES;
				GCC_WARN_64_TO_32_BIT_CONVERSION = YES;
				GCC_WARN_ABOUT_RETURN_TYPE = YES_ERROR;
				GCC_WARN_UNDECLARED_SELECTOR = YES;
				GCC_WARN_UNINITIALIZED_AUTOS = YES_AGGRESSIVE;
				GCC_WARN_UNUSED_FUNCTION = YES;
				GCC_WARN_UNUSED_VARIABLE = YES;
				IPHONEOS_DEPLOYMENT_TARGET = 12.0;
				MTL_ENABLE_DEBUG_INFO = NO;
				MTL_FAST_MATH = YES;
				SDKROOT = iphoneos;
				SWIFT_COMPILATION_MODE = wholemodule;
				SWIFT_OPTIMIZATION_LEVEL = "-O";
				VALIDATE_PRODUCT = YES;
			};
			name = Release;
		};
		7F2183C221A2135C00F5B750 /* Debug */ = {
			isa = XCBuildConfiguration;
			buildSettings = {
				ASSETCATALOG_COMPILER_APPICON_NAME = AppIcon;
				CODE_SIGN_STYLE = Automatic;
				DEVELOPMENT_TEAM = YXC4836V89;
				FRAMEWORK_SEARCH_PATHS = (
					"$(inherited)",
					"$(PROJECT_DIR)/Carthage/Build/iOS",
				);
				INFOPLIST_FILE = UEFAProject/Info.plist;
				LD_RUNPATH_SEARCH_PATHS = (
					"$(inherited)",
					"@executable_path/Frameworks",
				);
				PRODUCT_BUNDLE_IDENTIFIER = com.marcosgn1.UEFAProject;
				PRODUCT_NAME = "$(TARGET_NAME)";
				SWIFT_VERSION = 4.2;
				TARGETED_DEVICE_FAMILY = "1,2";
			};
			name = Debug;
		};
		7F2183C321A2135C00F5B750 /* Release */ = {
			isa = XCBuildConfiguration;
			buildSettings = {
				ASSETCATALOG_COMPILER_APPICON_NAME = AppIcon;
				CODE_SIGN_STYLE = Automatic;
				DEVELOPMENT_TEAM = YXC4836V89;
				FRAMEWORK_SEARCH_PATHS = (
					"$(inherited)",
					"$(PROJECT_DIR)/Carthage/Build/iOS",
				);
				INFOPLIST_FILE = UEFAProject/Info.plist;
				LD_RUNPATH_SEARCH_PATHS = (
					"$(inherited)",
					"@executable_path/Frameworks",
				);
				PRODUCT_BUNDLE_IDENTIFIER = com.marcosgn1.UEFAProject;
				PRODUCT_NAME = "$(TARGET_NAME)";
				SWIFT_VERSION = 4.2;
				TARGETED_DEVICE_FAMILY = "1,2";
			};
			name = Release;
		};
		7F2183FE21A4D72100F5B750 /* Debug */ = {
			isa = XCBuildConfiguration;
			buildSettings = {
				BUNDLE_LOADER = "$(TEST_HOST)";
				CODE_SIGN_STYLE = Automatic;
				DEVELOPMENT_TEAM = YXC4836V89;
				FRAMEWORK_SEARCH_PATHS = (
					"$(inherited)",
					"$(PROJECT_DIR)/Carthage/Build/iOS",
				);
				INFOPLIST_FILE = UEFAProjectTests/Info.plist;
				LD_RUNPATH_SEARCH_PATHS = (
					"$(inherited)",
					"@executable_path/Frameworks",
					"@loader_path/Frameworks",
				);
				PRODUCT_BUNDLE_IDENTIFIER = com.marcosgn1.UEFAProjectTests;
				PRODUCT_NAME = "$(TARGET_NAME)";
				SWIFT_VERSION = 4.2;
				TARGETED_DEVICE_FAMILY = "1,2";
				TEST_HOST = "$(BUILT_PRODUCTS_DIR)/UEFAProject.app/UEFAProject";
			};
			name = Debug;
		};
		7F2183FF21A4D72100F5B750 /* Release */ = {
			isa = XCBuildConfiguration;
			buildSettings = {
				BUNDLE_LOADER = "$(TEST_HOST)";
				CODE_SIGN_STYLE = Automatic;
				DEVELOPMENT_TEAM = YXC4836V89;
				FRAMEWORK_SEARCH_PATHS = (
					"$(inherited)",
					"$(PROJECT_DIR)/Carthage/Build/iOS",
				);
				INFOPLIST_FILE = UEFAProjectTests/Info.plist;
				LD_RUNPATH_SEARCH_PATHS = (
					"$(inherited)",
					"@executable_path/Frameworks",
					"@loader_path/Frameworks",
				);
				PRODUCT_BUNDLE_IDENTIFIER = com.marcosgn1.UEFAProjectTests;
				PRODUCT_NAME = "$(TARGET_NAME)";
				SWIFT_VERSION = 4.2;
				TARGETED_DEVICE_FAMILY = "1,2";
				TEST_HOST = "$(BUILT_PRODUCTS_DIR)/UEFAProject.app/UEFAProject";
			};
			name = Release;
		};
/* End XCBuildConfiguration section */

/* Begin XCConfigurationList section */
		7F2183AA21A2135B00F5B750 /* Build configuration list for PBXProject "UEFAProject" */ = {
			isa = XCConfigurationList;
			buildConfigurations = (
				7F2183BF21A2135C00F5B750 /* Debug */,
				7F2183C021A2135C00F5B750 /* Release */,
			);
			defaultConfigurationIsVisible = 0;
			defaultConfigurationName = Release;
		};
		7F2183C121A2135C00F5B750 /* Build configuration list for PBXNativeTarget "UEFAProject" */ = {
			isa = XCConfigurationList;
			buildConfigurations = (
				7F2183C221A2135C00F5B750 /* Debug */,
				7F2183C321A2135C00F5B750 /* Release */,
			);
			defaultConfigurationIsVisible = 0;
			defaultConfigurationName = Release;
		};
		7F2183FD21A4D72100F5B750 /* Build configuration list for PBXNativeTarget "UEFAProjectTests" */ = {
			isa = XCConfigurationList;
			buildConfigurations = (
				7F2183FE21A4D72100F5B750 /* Debug */,
				7F2183FF21A4D72100F5B750 /* Release */,
			);
			defaultConfigurationIsVisible = 0;
			defaultConfigurationName = Release;
		};
/* End XCConfigurationList section */
	};
	rootObject = 7F2183A721A2135B00F5B750 /* Project object */;
}
